// !$*UTF8*$!
{
	archiveVersion = 1;
	classes = {
	};
	objectVersion = 46;
	objects = {

/* Begin PBXBuildFile section */
		317BBDB51A012AD400E50696 /* main.m in Sources */ = {isa = PBXBuildFile; fileRef = 317BBDB41A012AD400E50696 /* main.m */; };
		317BBDB81A012AD400E50696 /* AppDelegate.m in Sources */ = {isa = PBXBuildFile; fileRef = 317BBDB71A012AD400E50696 /* AppDelegate.m */; };
		317BBDBB1A012AD400E50696 /* ViewController.m in Sources */ = {isa = PBXBuildFile; fileRef = 317BBDBA1A012AD400E50696 /* ViewController.m */; };
		317BBDBE1A012AD400E50696 /* Main.storyboard in Resources */ = {isa = PBXBuildFile; fileRef = 317BBDBC1A012AD400E50696 /* Main.storyboard */; };
		317BBDC01A012AD400E50696 /* Images.xcassets in Resources */ = {isa = PBXBuildFile; fileRef = 317BBDBF1A012AD400E50696 /* Images.xcassets */; };
		317BBDC31A012AD400E50696 /* LaunchScreen.xib in Resources */ = {isa = PBXBuildFile; fileRef = 317BBDC11A012AD400E50696 /* LaunchScreen.xib */; };
		317BBDCF1A012AD400E50696 /* arrayBlocksTests.m in Sources */ = {isa = PBXBuildFile; fileRef = 317BBDCE1A012AD400E50696 /* arrayBlocksTests.m */; };
/* End PBXBuildFile section */

/* Begin PBXContainerItemProxy section */
		317BBDC91A012AD400E50696 /* PBXContainerItemProxy */ = {
			isa = PBXContainerItemProxy;
			containerPortal = 317BBDA71A012AD400E50696 /* Project object */;
			proxyType = 1;
			remoteGlobalIDString = 317BBDAE1A012AD400E50696;
			remoteInfo = arrayBlocks;
		};
/* End PBXContainerItemProxy section */

/* Begin PBXFileReference section */
		317BBDAF1A012AD400E50696 /* arrayBlocks.app */ = {isa = PBXFileReference; explicitFileType = wrapper.application; includeInIndex = 0; path = arrayBlocks.app; sourceTree = BUILT_PRODUCTS_DIR; };
		317BBDB31A012AD400E50696 /* Info.plist */ = {isa = PBXFileReference; lastKnownFileType = text.plist.xml; path = Info.plist; sourceTree = "<group>"; };
		317BBDB41A012AD400E50696 /* main.m */ = {isa = PBXFileReference; lastKnownFileType = sourcecode.c.objc; path = main.m; sourceTree = "<group>"; };
		317BBDB61A012AD400E50696 /* AppDelegate.h */ = {isa = PBXFileReference; lastKnownFileType = sourcecode.c.h; path = AppDelegate.h; sourceTree = "<group>"; };
		317BBDB71A012AD400E50696 /* AppDelegate.m */ = {isa = PBXFileReference; lastKnownFileType = sourcecode.c.objc; path = AppDelegate.m; sourceTree = "<group>"; };
		317BBDB91A012AD400E50696 /* ViewController.h */ = {isa = PBXFileReference; lastKnownFileType = sourcecode.c.h; path = ViewController.h; sourceTree = "<group>"; };
		317BBDBA1A012AD400E50696 /* ViewController.m */ = {isa = PBXFileReference; lastKnownFileType = sourcecode.c.objc; path = ViewController.m; sourceTree = "<group>"; };
		317BBDBD1A012AD400E50696 /* Base */ = {isa = PBXFileReference; lastKnownFileType = file.storyboard; name = Base; path = Base.lproj/Main.storyboard; sourceTree = "<group>"; };
		317BBDBF1A012AD400E50696 /* Images.xcassets */ = {isa = PBXFileReference; lastKnownFileType = folder.assetcatalog; path = Images.xcassets; sourceTree = "<group>"; };
		317BBDC21A012AD400E50696 /* Base */ = {isa = PBXFileReference; lastKnownFileType = file.xib; name = Base; path = Base.lproj/LaunchScreen.xib; sourceTree = "<group>"; };
		317BBDC81A012AD400E50696 /* arrayBlocksTests.xctest */ = {isa = PBXFileReference; explicitFileType = wrapper.cfbundle; includeInIndex = 0; path = arrayBlocksTests.xctest; sourceTree = BUILT_PRODUCTS_DIR; };
		317BBDCD1A012AD400E50696 /* Info.plist */ = {isa = PBXFileReference; lastKnownFileType = text.plist.xml; path = Info.plist; sourceTree = "<group>"; };
		317BBDCE1A012AD400E50696 /* arrayBlocksTests.m */ = {isa = PBXFileReference; lastKnownFileType = sourcecode.c.objc; path = arrayBlocksTests.m; sourceTree = "<group>"; };
/* End PBXFileReference section */

/* Begin PBXFrameworksBuildPhase section */
		317BBDAC1A012AD400E50696 /* Frameworks */ = {
			isa = PBXFrameworksBuildPhase;
			buildActionMask = 2147483647;
			files = (
			);
			runOnlyForDeploymentPostprocessing = 0;
		};
		317BBDC51A012AD400E50696 /* Frameworks */ = {
			isa = PBXFrameworksBuildPhase;
			buildActionMask = 2147483647;
			files = (
			);
			runOnlyForDeploymentPostprocessing = 0;
		};
/* End PBXFrameworksBuildPhase section */

/* Begin PBXGroup section */
		317BBDA61A012AD400E50696 = {
			isa = PBXGroup;
			children = (
				317BBDB11A012AD400E50696 /* arrayBlocks */,
				317BBDCB1A012AD400E50696 /* arrayBlocksTests */,
				317BBDB01A012AD400E50696 /* Products */,
			);
			sourceTree = "<group>";
		};
		317BBDB01A012AD400E50696 /* Products */ = {
			isa = PBXGroup;
			children = (
				317BBDAF1A012AD400E50696 /* arrayBlocks.app */,
				317BBDC81A012AD400E50696 /* arrayBlocksTests.xctest */,
			);
			name = Products;
			sourceTree = "<group>";
		};
		317BBDB11A012AD400E50696 /* arrayBlocks */ = {
			isa = PBXGroup;
			children = (
				317BBDB61A012AD400E50696 /* AppDelegate.h */,
				317BBDB71A012AD400E50696 /* AppDelegate.m */,
				317BBDB91A012AD400E50696 /* ViewController.h */,
				317BBDBA1A012AD400E50696 /* ViewController.m */,
				317BBDBC1A012AD400E50696 /* Main.storyboard */,
				317BBDBF1A012AD400E50696 /* Images.xcassets */,
				317BBDC11A012AD400E50696 /* LaunchScreen.xib */,
				317BBDB21A012AD400E50696 /* Supporting Files */,
			);
			path = arrayBlocks;
			sourceTree = "<group>";
		};
		317BBDB21A012AD400E50696 /* Supporting Files */ = {
			isa = PBXGroup;
			children = (
				317BBDB31A012AD400E50696 /* Info.plist */,
				317BBDB41A012AD400E50696 /* main.m */,
			);
			name = "Supporting Files";
			sourceTree = "<group>";
		};
		317BBDCB1A012AD400E50696 /* arrayBlocksTests */ = {
			isa = PBXGroup;
			children = (
				317BBDCE1A012AD400E50696 /* arrayBlocksTests.m */,
				317BBDCC1A012AD400E50696 /* Supporting Files */,
			);
			path = arrayBlocksTests;
			sourceTree = "<group>";
		};
		317BBDCC1A012AD400E50696 /* Supporting Files */ = {
			isa = PBXGroup;
			children = (
				317BBDCD1A012AD400E50696 /* Info.plist */,
			);
			name = "Supporting Files";
			sourceTree = "<group>";
		};
/* End PBXGroup section */

/* Begin PBXNativeTarget section */
		317BBDAE1A012AD400E50696 /* arrayBlocks */ = {
			isa = PBXNativeTarget;
			buildConfigurationList = 317BBDD21A012AD400E50696 /* Build configuration list for PBXNativeTarget "arrayBlocks" */;
			buildPhases = (
				317BBDAB1A012AD400E50696 /* Sources */,
				317BBDAC1A012AD400E50696 /* Frameworks */,
				317BBDAD1A012AD400E50696 /* Resources */,
			);
			buildRules = (
			);
			dependencies = (
			);
			name = arrayBlocks;
			productName = arrayBlocks;
			productReference = 317BBDAF1A012AD400E50696 /* arrayBlocks.app */;
			productType = "com.apple.product-type.application";
		};
		317BBDC71A012AD400E50696 /* arrayBlocksTests */ = {
			isa = PBXNativeTarget;
			buildConfigurationList = 317BBDD51A012AD400E50696 /* Build configuration list for PBXNativeTarget "arrayBlocksTests" */;
			buildPhases = (
				317BBDC41A012AD400E50696 /* Sources */,
				317BBDC51A012AD400E50696 /* Frameworks */,
				317BBDC61A012AD400E50696 /* Resources */,
			);
			buildRules = (
			);
			dependencies = (
				317BBDCA1A012AD400E50696 /* PBXTargetDependency */,
			);
			name = arrayBlocksTests;
			productName = arrayBlocksTests;
			productReference = 317BBDC81A012AD400E50696 /* arrayBlocksTests.xctest */;
			productType = "com.apple.product-type.bundle.unit-test";
		};
/* End PBXNativeTarget section */

/* Begin PBXProject section */
		317BBDA71A012AD400E50696 /* Project object */ = {
			isa = PBXProject;
			attributes = {
				LastUpgradeCheck = 0600;
				ORGANIZATIONNAME = "Zachary Drossman";
				TargetAttributes = {
					317BBDAE1A012AD400E50696 = {
						CreatedOnToolsVersion = 6.0.1;
					};
					317BBDC71A012AD400E50696 = {
						CreatedOnToolsVersion = 6.0.1;
						TestTargetID = 317BBDAE1A012AD400E50696;
					};
				};
			};
			buildConfigurationList = 317BBDAA1A012AD400E50696 /* Build configuration list for PBXProject "arrayBlocks" */;
			compatibilityVersion = "Xcode 3.2";
			developmentRegion = English;
			hasScannedForEncodings = 0;
			knownRegions = (
				en,
				Base,
			);
			mainGroup = 317BBDA61A012AD400E50696;
			productRefGroup = 317BBDB01A012AD400E50696 /* Products */;
			projectDirPath = "";
			projectRoot = "";
			targets = (
				317BBDAE1A012AD400E50696 /* arrayBlocks */,
				317BBDC71A012AD400E50696 /* arrayBlocksTests */,
			);
		};
/* End PBXProject section */

/* Begin PBXResourcesBuildPhase section */
		317BBDAD1A012AD400E50696 /* Resources */ = {
			isa = PBXResourcesBuildPhase;
			buildActionMask = 2147483647;
			files = (
				317BBDBE1A012AD400E50696 /* Main.storyboard in Resources */,
				317BBDC31A012AD400E50696 /* LaunchScreen.xib in Resources */,
				317BBDC01A012AD400E50696 /* Images.xcassets in Resources */,
			);
			runOnlyForDeploymentPostprocessing = 0;
		};
		317BBDC61A012AD400E50696 /* Resources */ = {
			isa = PBXResourcesBuildPhase;
			buildActionMask = 2147483647;
			files = (
			);
			runOnlyForDeploymentPostprocessing = 0;
		};
/* End PBXResourcesBuildPhase section */

/* Begin PBXSourcesBuildPhase section */
		317BBDAB1A012AD400E50696 /* Sources */ = {
			isa = PBXSourcesBuildPhase;
			buildActionMask = 2147483647;
			files = (
				317BBDBB1A012AD400E50696 /* ViewController.m in Sources */,
				317BBDB81A012AD400E50696 /* AppDelegate.m in Sources */,
				317BBDB51A012AD400E50696 /* main.m in Sources */,
			);
			runOnlyForDeploymentPostprocessing = 0;
		};
		317BBDC41A012AD400E50696 /* Sources */ = {
			isa = PBXSourcesBuildPhase;
			buildActionMask = 2147483647;
			files = (
				317BBDCF1A012AD400E50696 /* arrayBlocksTests.m in Sources */,
			);
			runOnlyForDeploymentPostprocessing = 0;
		};
/* End PBXSourcesBuildPhase section */

/* Begin PBXTargetDependency section */
		317BBDCA1A012AD400E50696 /* PBXTargetDependency */ = {
			isa = PBXTargetDependency;
			target = 317BBDAE1A012AD400E50696 /* arrayBlocks */;
			targetProxy = 317BBDC91A012AD400E50696 /* PBXContainerItemProxy */;
		};
/* End PBXTargetDependency section */

/* Begin PBXVariantGroup section */
		317BBDBC1A012AD400E50696 /* Main.storyboard */ = {
			isa = PBXVariantGroup;
			children = (
				317BBDBD1A012AD400E50696 /* Base */,
			);
			name = Main.storyboard;
			sourceTree = "<group>";
		};
		317BBDC11A012AD400E50696 /* LaunchScreen.xib */ = {
			isa = PBXVariantGroup;
			children = (
				317BBDC21A012AD400E50696 /* Base */,
			);
			name = LaunchScreen.xib;
			sourceTree = "<group>";
		};
/* End PBXVariantGroup section */

/* Begin XCBuildConfiguration section */
		317BBDD01A012AD400E50696 /* Debug */ = {
			isa = XCBuildConfiguration;
			buildSettings = {
				ALWAYS_SEARCH_USER_PATHS = NO;
				CLANG_CXX_LANGUAGE_STANDARD = "gnu++0x";
				CLANG_CXX_LIBRARY = "libc++";
				CLANG_ENABLE_MODULES = YES;
				CLANG_ENABLE_OBJC_ARC = YES;
				CLANG_WARN_BOOL_CONVERSION = YES;
				CLANG_WARN_CONSTANT_CONVERSION = YES;
				CLANG_WARN_DIRECT_OBJC_ISA_USAGE = YES_ERROR;
				CLANG_WARN_EMPTY_BODY = YES;
				CLANG_WARN_ENUM_CONVERSION = YES;
				CLANG_WARN_INT_CONVERSION = YES;
				CLANG_WARN_OBJC_ROOT_CLASS = YES_ERROR;
				CLANG_WARN_UNREACHABLE_CODE = YES;
				CLANG_WARN__DUPLICATE_METHOD_MATCH = YES;
				"CODE_SIGN_IDENTITY[sdk=iphoneos*]" = "iPhone Developer";
				COPY_PHASE_STRIP = NO;
				ENABLE_STRICT_OBJC_MSGSEND = YES;
				GCC_C_LANGUAGE_STANDARD = gnu99;
				GCC_DYNAMIC_NO_PIC = NO;
				GCC_OPTIMIZATION_LEVEL = 0;
				GCC_PREPROCESSOR_DEFINITIONS = (
					"DEBUG=1",
					"$(inherited)",
				);
				GCC_SYMBOLS_PRIVATE_EXTERN = NO;
				GCC_WARN_64_TO_32_BIT_CONVERSION = YES;
				GCC_WARN_ABOUT_RETURN_TYPE = YES_ERROR;
				GCC_WARN_UNDECLARED_SELECTOR = YES;
				GCC_WARN_UNINITIALIZED_AUTOS = YES_AGGRESSIVE;
				GCC_WARN_UNUSED_FUNCTION = YES;
				GCC_WARN_UNUSED_VARIABLE = YES;
				IPHONEOS_DEPLOYMENT_TARGET = 8.0;
				MTL_ENABLE_DEBUG_INFO = YES;
				ONLY_ACTIVE_ARCH = YES;
				SDKROOT = iphoneos;
			};
			name = Debug;
		};
		317BBDD11A012AD400E50696 /* Release */ = {
			isa = XCBuildConfiguration;
			buildSettings = {
				ALWAYS_SEARCH_USER_PATHS = NO;
				CLANG_CXX_LANGUAGE_STANDARD = "gnu++0x";
				CLANG_CXX_LIBRARY = "libc++";
				CLANG_ENABLE_MODULES = YES;
				CLANG_ENABLE_OBJC_ARC = YES;
				CLANG_WARN_BOOL_CONVERSION = YES;
				CLANG_WARN_CONSTANT_CONVERSION = YES;
				CLANG_WARN_DIRECT_OBJC_ISA_USAGE = YES_ERROR;
				CLANG_WARN_EMPTY_BODY = YES;
				CLANG_WARN_ENUM_CONVERSION = YES;
				CLANG_WARN_INT_CONVERSION = YES;
				CLANG_WARN_OBJC_ROOT_CLASS = YES_ERROR;
				CLANG_WARN_UNREACHABLE_CODE = YES;
				CLANG_WARN__DUPLICATE_METHOD_MATCH = YES;
				"CODE_SIGN_IDENTITY[sdk=iphoneos*]" = "iPhone Developer";
				COPY_PHASE_STRIP = YES;
				ENABLE_NS_ASSERTIONS = NO;
				ENABLE_STRICT_OBJC_MSGSEND = YES;
				GCC_C_LANGUAGE_STANDARD = gnu99;
				GCC_WARN_64_TO_32_BIT_CONVERSION = YES;
				GCC_WARN_ABOUT_RETURN_TYPE = YES_ERROR;
				GCC_WARN_UNDECLARED_SELECTOR = YES;
				GCC_WARN_UNINITIALIZED_AUTOS = YES_AGGRESSIVE;
				GCC_WARN_UNUSED_FUNCTION = YES;
				GCC_WARN_UNUSED_VARIABLE = YES;
				IPHONEOS_DEPLOYMENT_TARGET = 8.0;
				MTL_ENABLE_DEBUG_INFO = NO;
				SDKROOT = iphoneos;
				VALIDATE_PRODUCT = YES;
			};
			name = Release;
		};
		317BBDD31A012AD400E50696 /* Debug */ = {
			isa = XCBuildConfiguration;
			buildSettings = {
				ASSETCATALOG_COMPILER_APPICON_NAME = AppIcon;
				INFOPLIST_FILE = arrayBlocks/Info.plist;
				LD_RUNPATH_SEARCH_PATHS = "$(inherited) @executable_path/Frameworks";
				PRODUCT_NAME = "$(TARGET_NAME)";
			};
			name = Debug;
		};
		317BBDD41A012AD400E50696 /* Release */ = {
			isa = XCBuildConfiguration;
			buildSettings = {
				ASSETCATALOG_COMPILER_APPICON_NAME = AppIcon;
				INFOPLIST_FILE = arrayBlocks/Info.plist;
				LD_RUNPATH_SEARCH_PATHS = "$(inherited) @executable_path/Frameworks";
				PRODUCT_NAME = "$(TARGET_NAME)";
			};
			name = Release;
		};
		317BBDD61A012AD400E50696 /* Debug */ = {
			isa = XCBuildConfiguration;
			buildSettings = {
				BUNDLE_LOADER = "$(TEST_HOST)";
				FRAMEWORK_SEARCH_PATHS = (
					"$(SDKROOT)/Developer/Library/Frameworks",
					"$(inherited)",
				);
				GCC_PREPROCESSOR_DEFINITIONS = (
					"DEBUG=1",
					"$(inherited)",
				);
				INFOPLIST_FILE = arrayBlocksTests/Info.plist;
				LD_RUNPATH_SEARCH_PATHS = "$(inherited) @executable_path/Frameworks @loader_path/Frameworks";
				PRODUCT_NAME = "$(TARGET_NAME)";
				TEST_HOST = "$(BUILT_PRODUCTS_DIR)/arrayBlocks.app/arrayBlocks";
			};
			name = Debug;
		};
		317BBDD71A012AD400E50696 /* Release */ = {
			isa = XCBuildConfiguration;
			buildSettings = {
				BUNDLE_LOADER = "$(TEST_HOST)";
				FRAMEWORK_SEARCH_PATHS = (
					"$(SDKROOT)/Developer/Library/Frameworks",
					"$(inherited)",
				);
				INFOPLIST_FILE = arrayBlocksTests/Info.plist;
				LD_RUNPATH_SEARCH_PATHS = "$(inherited) @executable_path/Frameworks @loader_path/Frameworks";
				PRODUCT_NAME = "$(TARGET_NAME)";
				TEST_HOST = "$(BUILT_PRODUCTS_DIR)/arrayBlocks.app/arrayBlocks";
			};
			name = Release;
		};
/* End XCBuildConfiguration section */

/* Begin XCConfigurationList section */
		317BBDAA1A012AD400E50696 /* Build configuration list for PBXProject "arrayBlocks" */ = {
			isa = XCConfigurationList;
			buildConfigurations = (
				317BBDD01A012AD400E50696 /* Debug */,
				317BBDD11A012AD400E50696 /* Release */,
			);
			defaultConfigurationIsVisible = 0;
			defaultConfigurationName = Release;
		};
		317BBDD21A012AD400E50696 /* Build configuration list for PBXNativeTarget "arrayBlocks" */ = {
			isa = XCConfigurationList;
			buildConfigurations = (
				317BBDD31A012AD400E50696 /* Debug */,
				317BBDD41A012AD400E50696 /* Release */,
			);
			defaultConfigurationIsVisible = 0;
		};
		317BBDD51A012AD400E50696 /* Build configuration list for PBXNativeTarget "arrayBlocksTests" */ = {
			isa = XCConfigurationList;
			buildConfigurations = (
				317BBDD61A012AD400E50696 /* Debug */,
				317BBDD71A012AD400E50696 /* Release */,
			);
			defaultConfigurationIsVisible = 0;
		};
/* End XCConfigurationList section */
	};
	rootObject = 317BBDA71A012AD400E50696 /* Project object */;
}
